// !$*UTF8*$!
{
	archiveVersion = 1;
	classes = {
	};
	objectVersion = 56;
	objects = {

/* Begin PBXBuildFile section */
		AFA0ADC5296868B800EB8BF9 /* RMService.swift in Sources */ = {isa = PBXBuildFile; fileRef = AFA0ADC4296868B800EB8BF9 /* RMService.swift */; };
		AFA0ADC7296868D100EB8BF9 /* RMRequest.swift in Sources */ = {isa = PBXBuildFile; fileRef = AFA0ADC6296868D100EB8BF9 /* RMRequest.swift */; };
		AFA0ADC9296869BF00EB8BF9 /* RMEndpoint.swift in Sources */ = {isa = PBXBuildFile; fileRef = AFA0ADC8296869BF00EB8BF9 /* RMEndpoint.swift */; };
		AFA9F65B29675449009594BC /* AppDelegate.swift in Sources */ = {isa = PBXBuildFile; fileRef = AFA9F65A29675449009594BC /* AppDelegate.swift */; };
		AFA9F65D29675449009594BC /* SceneDelegate.swift in Sources */ = {isa = PBXBuildFile; fileRef = AFA9F65C29675449009594BC /* SceneDelegate.swift */; };
		AFA9F65F29675449009594BC /* RMTabBarController.swift in Sources */ = {isa = PBXBuildFile; fileRef = AFA9F65E29675449009594BC /* RMTabBarController.swift */; };
		AFA9F6642967544A009594BC /* Assets.xcassets in Resources */ = {isa = PBXBuildFile; fileRef = AFA9F6632967544A009594BC /* Assets.xcassets */; };
		AFA9F6672967544A009594BC /* LaunchScreen.storyboard in Resources */ = {isa = PBXBuildFile; fileRef = AFA9F6652967544A009594BC /* LaunchScreen.storyboard */; };
		AFA9F676296756CA009594BC /* RMLocation.swift in Sources */ = {isa = PBXBuildFile; fileRef = AFA9F675296756CA009594BC /* RMLocation.swift */; };
		AFA9F678296756D5009594BC /* RMCharacter.swift in Sources */ = {isa = PBXBuildFile; fileRef = AFA9F677296756D5009594BC /* RMCharacter.swift */; };
		AFA9F67B296756E3009594BC /* RMEpisode.swift in Sources */ = {isa = PBXBuildFile; fileRef = AFA9F67A296756E3009594BC /* RMEpisode.swift */; };
		AFA9F67E29675745009594BC /* RMCharactersViewController.swift in Sources */ = {isa = PBXBuildFile; fileRef = AFA9F67D29675745009594BC /* RMCharactersViewController.swift */; };
		AFA9F68029675757009594BC /* RMLocationsViewController.swift in Sources */ = {isa = PBXBuildFile; fileRef = AFA9F67F29675757009594BC /* RMLocationsViewController.swift */; };
		AFA9F68229675762009594BC /* RMEpisodesViewController.swift in Sources */ = {isa = PBXBuildFile; fileRef = AFA9F68129675762009594BC /* RMEpisodesViewController.swift */; };
		AFA9F684296757A3009594BC /* RMSettingsViewController.swift in Sources */ = {isa = PBXBuildFile; fileRef = AFA9F683296757A3009594BC /* RMSettingsViewController.swift */; };
		AFBFABCE297820DE0023E1A2 /* RMCharacterListViewViewModel.swift in Sources */ = {isa = PBXBuildFile; fileRef = AFBFABCD297820DE0023E1A2 /* RMCharacterListViewViewModel.swift */; };
		AFBFABD02978228C0023E1A2 /* RMCharacterListView.swift in Sources */ = {isa = PBXBuildFile; fileRef = AFBFABCF2978228C0023E1A2 /* RMCharacterListView.swift */; };
		AFBFABD229782BD90023E1A2 /* Extensions.swift in Sources */ = {isa = PBXBuildFile; fileRef = AFBFABD129782BD90023E1A2 /* Extensions.swift */; };
		AFBFABD4297858AD0023E1A2 /* RMCharacterCollectionViewCell.swift in Sources */ = {isa = PBXBuildFile; fileRef = AFBFABD3297858AD0023E1A2 /* RMCharacterCollectionViewCell.swift */; };
		AFE2F32B2972952A00D8B8A6 /* RMGetAllCharactersResponse.swift in Sources */ = {isa = PBXBuildFile; fileRef = AFE2F32A2972952A00D8B8A6 /* RMGetAllCharactersResponse.swift */; };
		AFE82C82296ED053002BE7F7 /* RMOrigin.swift in Sources */ = {isa = PBXBuildFile; fileRef = AFE82C81296ED053002BE7F7 /* RMOrigin.swift */; };
		AFE82C84296ED112002BE7F7 /* RMSingleLocation.swift in Sources */ = {isa = PBXBuildFile; fileRef = AFE82C83296ED112002BE7F7 /* RMSingleLocation.swift */; };
		AFE82C86296ED38C002BE7F7 /* RMChracterStatus.swift in Sources */ = {isa = PBXBuildFile; fileRef = AFE82C85296ED38C002BE7F7 /* RMChracterStatus.swift */; };
		AFE82C89296ED3E9002BE7F7 /* RMCharacterGender.swift in Sources */ = {isa = PBXBuildFile; fileRef = AFE82C88296ED3E9002BE7F7 /* RMCharacterGender.swift */; };
/* End PBXBuildFile section */

/* Begin PBXFileReference section */
		AFA0ADC4296868B800EB8BF9 /* RMService.swift */ = {isa = PBXFileReference; lastKnownFileType = sourcecode.swift; path = RMService.swift; sourceTree = "<group>"; };
		AFA0ADC6296868D100EB8BF9 /* RMRequest.swift */ = {isa = PBXFileReference; lastKnownFileType = sourcecode.swift; path = RMRequest.swift; sourceTree = "<group>"; };
		AFA0ADC8296869BF00EB8BF9 /* RMEndpoint.swift */ = {isa = PBXFileReference; lastKnownFileType = sourcecode.swift; path = RMEndpoint.swift; sourceTree = "<group>"; };
		AFA9F65729675449009594BC /* RickAndMorty.app */ = {isa = PBXFileReference; explicitFileType = wrapper.application; includeInIndex = 0; path = RickAndMorty.app; sourceTree = BUILT_PRODUCTS_DIR; };
		AFA9F65A29675449009594BC /* AppDelegate.swift */ = {isa = PBXFileReference; lastKnownFileType = sourcecode.swift; path = AppDelegate.swift; sourceTree = "<group>"; };
		AFA9F65C29675449009594BC /* SceneDelegate.swift */ = {isa = PBXFileReference; lastKnownFileType = sourcecode.swift; path = SceneDelegate.swift; sourceTree = "<group>"; };
		AFA9F65E29675449009594BC /* RMTabBarController.swift */ = {isa = PBXFileReference; lastKnownFileType = sourcecode.swift; path = RMTabBarController.swift; sourceTree = "<group>"; };
		AFA9F6632967544A009594BC /* Assets.xcassets */ = {isa = PBXFileReference; lastKnownFileType = folder.assetcatalog; path = Assets.xcassets; sourceTree = "<group>"; };
		AFA9F6662967544A009594BC /* Base */ = {isa = PBXFileReference; lastKnownFileType = file.storyboard; name = Base; path = Base.lproj/LaunchScreen.storyboard; sourceTree = "<group>"; };
		AFA9F6682967544A009594BC /* Info.plist */ = {isa = PBXFileReference; lastKnownFileType = text.plist.xml; path = Info.plist; sourceTree = "<group>"; };
		AFA9F675296756CA009594BC /* RMLocation.swift */ = {isa = PBXFileReference; lastKnownFileType = sourcecode.swift; path = RMLocation.swift; sourceTree = "<group>"; };
		AFA9F677296756D5009594BC /* RMCharacter.swift */ = {isa = PBXFileReference; lastKnownFileType = sourcecode.swift; path = RMCharacter.swift; sourceTree = "<group>"; };
		AFA9F67A296756E3009594BC /* RMEpisode.swift */ = {isa = PBXFileReference; lastKnownFileType = sourcecode.swift; path = RMEpisode.swift; sourceTree = "<group>"; };
		AFA9F67D29675745009594BC /* RMCharactersViewController.swift */ = {isa = PBXFileReference; lastKnownFileType = sourcecode.swift; path = RMCharactersViewController.swift; sourceTree = "<group>"; };
		AFA9F67F29675757009594BC /* RMLocationsViewController.swift */ = {isa = PBXFileReference; lastKnownFileType = sourcecode.swift; path = RMLocationsViewController.swift; sourceTree = "<group>"; };
		AFA9F68129675762009594BC /* RMEpisodesViewController.swift */ = {isa = PBXFileReference; lastKnownFileType = sourcecode.swift; path = RMEpisodesViewController.swift; sourceTree = "<group>"; };
		AFA9F683296757A3009594BC /* RMSettingsViewController.swift */ = {isa = PBXFileReference; lastKnownFileType = sourcecode.swift; path = RMSettingsViewController.swift; sourceTree = "<group>"; };
		AFBFABCD297820DE0023E1A2 /* RMCharacterListViewViewModel.swift */ = {isa = PBXFileReference; lastKnownFileType = sourcecode.swift; path = RMCharacterListViewViewModel.swift; sourceTree = "<group>"; };
		AFBFABCF2978228C0023E1A2 /* RMCharacterListView.swift */ = {isa = PBXFileReference; lastKnownFileType = sourcecode.swift; path = RMCharacterListView.swift; sourceTree = "<group>"; };
		AFBFABD129782BD90023E1A2 /* Extensions.swift */ = {isa = PBXFileReference; lastKnownFileType = sourcecode.swift; path = Extensions.swift; sourceTree = "<group>"; };
		AFBFABD3297858AD0023E1A2 /* RMCharacterCollectionViewCell.swift */ = {isa = PBXFileReference; lastKnownFileType = sourcecode.swift; path = RMCharacterCollectionViewCell.swift; sourceTree = "<group>"; };
		AFE2F32A2972952A00D8B8A6 /* RMGetAllCharactersResponse.swift */ = {isa = PBXFileReference; lastKnownFileType = sourcecode.swift; path = RMGetAllCharactersResponse.swift; sourceTree = "<group>"; };
		AFE82C81296ED053002BE7F7 /* RMOrigin.swift */ = {isa = PBXFileReference; lastKnownFileType = sourcecode.swift; path = RMOrigin.swift; sourceTree = "<group>"; };
		AFE82C83296ED112002BE7F7 /* RMSingleLocation.swift */ = {isa = PBXFileReference; lastKnownFileType = sourcecode.swift; path = RMSingleLocation.swift; sourceTree = "<group>"; };
		AFE82C85296ED38C002BE7F7 /* RMChracterStatus.swift */ = {isa = PBXFileReference; lastKnownFileType = sourcecode.swift; path = RMChracterStatus.swift; sourceTree = "<group>"; };
		AFE82C88296ED3E9002BE7F7 /* RMCharacterGender.swift */ = {isa = PBXFileReference; lastKnownFileType = sourcecode.swift; path = RMCharacterGender.swift; sourceTree = "<group>"; };
/* End PBXFileReference section */

/* Begin PBXFrameworksBuildPhase section */
		AFA9F65429675449009594BC /* Frameworks */ = {
			isa = PBXFrameworksBuildPhase;
			buildActionMask = 2147483647;
			files = (
			);
			runOnlyForDeploymentPostprocessing = 0;
		};
/* End PBXFrameworksBuildPhase section */

/* Begin PBXGroup section */
		AFA9F64E29675449009594BC = {
			isa = PBXGroup;
			children = (
				AFA9F65929675449009594BC /* RickAndMorty */,
				AFA9F65829675449009594BC /* Products */,
			);
			sourceTree = "<group>";
		};
		AFA9F65829675449009594BC /* Products */ = {
			isa = PBXGroup;
			children = (
				AFA9F65729675449009594BC /* RickAndMorty.app */,
			);
			name = Products;
			sourceTree = "<group>";
		};
		AFA9F65929675449009594BC /* RickAndMorty */ = {
			isa = PBXGroup;
			children = (
				AFA9F67429675683009594BC /* Resources */,
				AFA9F6732967567B009594BC /* Managers */,
				AFA9F67229675676009594BC /* APIClient */,
				AFA9F6712967566F009594BC /* ViewModels */,
				AFA9F6702967566A009594BC /* Views */,
				AFA9F66F29675664009594BC /* Models */,
				AFA9F66E29675653009594BC /* Controllers */,
				AFA9F6682967544A009594BC /* Info.plist */,
			);
			path = RickAndMorty;
			sourceTree = "<group>";
		};
		AFA9F66E29675653009594BC /* Controllers */ = {
			isa = PBXGroup;
			children = (
				AFA9F67C2967571D009594BC /* Core */,
			);
			path = Controllers;
			sourceTree = "<group>";
		};
		AFA9F66F29675664009594BC /* Models */ = {
			isa = PBXGroup;
			children = (
				AFE2F325297294B600D8B8A6 /* APIResponseTypes */,
				AFE2F3242972948C00D8B8A6 /* DataTypes */,
			);
			path = Models;
			sourceTree = "<group>";
		};
		AFA9F6702967566A009594BC /* Views */ = {
			isa = PBXGroup;
			children = (
				AFBFABCF2978228C0023E1A2 /* RMCharacterListView.swift */,
				AFBFABD3297858AD0023E1A2 /* RMCharacterCollectionViewCell.swift */,
			);
			path = Views;
			sourceTree = "<group>";
		};
		AFA9F6712967566F009594BC /* ViewModels */ = {
			isa = PBXGroup;
			children = (
				AFBFABCD297820DE0023E1A2 /* RMCharacterListViewViewModel.swift */,
			);
			path = ViewModels;
			sourceTree = "<group>";
		};
		AFA9F67229675676009594BC /* APIClient */ = {
			isa = PBXGroup;
			children = (
				AFA0ADC4296868B800EB8BF9 /* RMService.swift */,
				AFA0ADC6296868D100EB8BF9 /* RMRequest.swift */,
				AFA0ADC8296869BF00EB8BF9 /* RMEndpoint.swift */,
			);
			path = APIClient;
			sourceTree = "<group>";
		};
		AFA9F6732967567B009594BC /* Managers */ = {
			isa = PBXGroup;
			children = (
			);
			path = Managers;
			sourceTree = "<group>";
		};
		AFA9F67429675683009594BC /* Resources */ = {
			isa = PBXGroup;
			children = (
				AFA9F6632967544A009594BC /* Assets.xcassets */,
				AFA9F6652967544A009594BC /* LaunchScreen.storyboard */,
				AFA9F65A29675449009594BC /* AppDelegate.swift */,
				AFA9F65C29675449009594BC /* SceneDelegate.swift */,
				AFBFABD129782BD90023E1A2 /* Extensions.swift */,
			);
			path = Resources;
			sourceTree = "<group>";
		};
		AFA9F67C2967571D009594BC /* Core */ = {
			isa = PBXGroup;
			children = (
				AFA9F65E29675449009594BC /* RMTabBarController.swift */,
				AFA9F67D29675745009594BC /* RMCharactersViewController.swift */,
				AFA9F67F29675757009594BC /* RMLocationsViewController.swift */,
				AFA9F68129675762009594BC /* RMEpisodesViewController.swift */,
				AFA9F683296757A3009594BC /* RMSettingsViewController.swift */,
			);
			path = Core;
			sourceTree = "<group>";
		};
		AFE2F3242972948C00D8B8A6 /* DataTypes */ = {
			isa = PBXGroup;
			children = (
				AFA9F675296756CA009594BC /* RMLocation.swift */,
				AFA9F677296756D5009594BC /* RMCharacter.swift */,
				AFA9F67A296756E3009594BC /* RMEpisode.swift */,
				AFE82C81296ED053002BE7F7 /* RMOrigin.swift */,
				AFE82C83296ED112002BE7F7 /* RMSingleLocation.swift */,
				AFE82C85296ED38C002BE7F7 /* RMChracterStatus.swift */,
				AFE82C88296ED3E9002BE7F7 /* RMCharacterGender.swift */,
			);
			path = DataTypes;
			sourceTree = "<group>";
		};
		AFE2F325297294B600D8B8A6 /* APIResponseTypes */ = {
			isa = PBXGroup;
			children = (
				AFE2F32A2972952A00D8B8A6 /* RMGetAllCharactersResponse.swift */,
			);
			path = APIResponseTypes;
			sourceTree = "<group>";
		};
/* End PBXGroup section */

/* Begin PBXNativeTarget section */
		AFA9F65629675449009594BC /* RickAndMorty */ = {
			isa = PBXNativeTarget;
			buildConfigurationList = AFA9F66B2967544A009594BC /* Build configuration list for PBXNativeTarget "RickAndMorty" */;
			buildPhases = (
				AFA9F65329675449009594BC /* Sources */,
				AFA9F65429675449009594BC /* Frameworks */,
				AFA9F65529675449009594BC /* Resources */,
			);
			buildRules = (
			);
			dependencies = (
			);
			name = RickAndMorty;
			productName = RickAndMorty;
			productReference = AFA9F65729675449009594BC /* RickAndMorty.app */;
			productType = "com.apple.product-type.application";
		};
/* End PBXNativeTarget section */

/* Begin PBXProject section */
		AFA9F64F29675449009594BC /* Project object */ = {
			isa = PBXProject;
			attributes = {
				BuildIndependentTargetsInParallel = 1;
				LastSwiftUpdateCheck = 1400;
				LastUpgradeCheck = 1400;
				TargetAttributes = {
					AFA9F65629675449009594BC = {
						CreatedOnToolsVersion = 14.0.1;
					};
				};
			};
			buildConfigurationList = AFA9F65229675449009594BC /* Build configuration list for PBXProject "RickAndMorty" */;
			compatibilityVersion = "Xcode 14.0";
			developmentRegion = en;
			hasScannedForEncodings = 0;
			knownRegions = (
				en,
				Base,
			);
			mainGroup = AFA9F64E29675449009594BC;
			productRefGroup = AFA9F65829675449009594BC /* Products */;
			projectDirPath = "";
			projectRoot = "";
			targets = (
				AFA9F65629675449009594BC /* RickAndMorty */,
			);
		};
/* End PBXProject section */

/* Begin PBXResourcesBuildPhase section */
		AFA9F65529675449009594BC /* Resources */ = {
			isa = PBXResourcesBuildPhase;
			buildActionMask = 2147483647;
			files = (
				AFA9F6672967544A009594BC /* LaunchScreen.storyboard in Resources */,
				AFA9F6642967544A009594BC /* Assets.xcassets in Resources */,
			);
			runOnlyForDeploymentPostprocessing = 0;
		};
/* End PBXResourcesBuildPhase section */

/* Begin PBXSourcesBuildPhase section */
		AFA9F65329675449009594BC /* Sources */ = {
			isa = PBXSourcesBuildPhase;
			buildActionMask = 2147483647;
			files = (
				AFE82C86296ED38C002BE7F7 /* RMChracterStatus.swift in Sources */,
				AFE82C82296ED053002BE7F7 /* RMOrigin.swift in Sources */,
				AFBFABD02978228C0023E1A2 /* RMCharacterListView.swift in Sources */,
				AFE2F32B2972952A00D8B8A6 /* RMGetAllCharactersResponse.swift in Sources */,
				AFE82C84296ED112002BE7F7 /* RMSingleLocation.swift in Sources */,
				AFE82C89296ED3E9002BE7F7 /* RMCharacterGender.swift in Sources */,
				AFA9F68029675757009594BC /* RMLocationsViewController.swift in Sources */,
				AFA9F67B296756E3009594BC /* RMEpisode.swift in Sources */,
				AFA9F65F29675449009594BC /* RMTabBarController.swift in Sources */,
				AFBFABD4297858AD0023E1A2 /* RMCharacterCollectionViewCell.swift in Sources */,
				AFA9F68229675762009594BC /* RMEpisodesViewController.swift in Sources */,
				AFA9F65B29675449009594BC /* AppDelegate.swift in Sources */,
				AFA9F65D29675449009594BC /* SceneDelegate.swift in Sources */,
				AFA9F684296757A3009594BC /* RMSettingsViewController.swift in Sources */,
				AFBFABD229782BD90023E1A2 /* Extensions.swift in Sources */,
				AFA0ADC5296868B800EB8BF9 /* RMService.swift in Sources */,
				AFA9F676296756CA009594BC /* RMLocation.swift in Sources */,
				AFA0ADC9296869BF00EB8BF9 /* RMEndpoint.swift in Sources */,
				AFA9F678296756D5009594BC /* RMCharacter.swift in Sources */,
				AFA0ADC7296868D100EB8BF9 /* RMRequest.swift in Sources */,
				AFBFABCE297820DE0023E1A2 /* RMCharacterListViewViewModel.swift in Sources */,
				AFA9F67E29675745009594BC /* RMCharactersViewController.swift in Sources */,
			);
			runOnlyForDeploymentPostprocessing = 0;
		};
/* End PBXSourcesBuildPhase section */

/* Begin PBXVariantGroup section */
		AFA9F6652967544A009594BC /* LaunchScreen.storyboard */ = {
			isa = PBXVariantGroup;
			children = (
				AFA9F6662967544A009594BC /* Base */,
			);
			name = LaunchScreen.storyboard;
			sourceTree = "<group>";
		};
/* End PBXVariantGroup section */

/* Begin XCBuildConfiguration section */
		AFA9F6692967544A009594BC /* Debug */ = {
			isa = XCBuildConfiguration;
			buildSettings = {
				ALWAYS_SEARCH_USER_PATHS = NO;
				CLANG_ANALYZER_NONNULL = YES;
				CLANG_ANALYZER_NUMBER_OBJECT_CONVERSION = YES_AGGRESSIVE;
				CLANG_CXX_LANGUAGE_STANDARD = "gnu++20";
				CLANG_ENABLE_MODULES = YES;
				CLANG_ENABLE_OBJC_ARC = YES;
				CLANG_ENABLE_OBJC_WEAK = YES;
				CLANG_WARN_BLOCK_CAPTURE_AUTORELEASING = YES;
				CLANG_WARN_BOOL_CONVERSION = YES;
				CLANG_WARN_COMMA = YES;
				CLANG_WARN_CONSTANT_CONVERSION = YES;
				CLANG_WARN_DEPRECATED_OBJC_IMPLEMENTATIONS = YES;
				CLANG_WARN_DIRECT_OBJC_ISA_USAGE = YES_ERROR;
				CLANG_WARN_DOCUMENTATION_COMMENTS = YES;
				CLANG_WARN_EMPTY_BODY = YES;
				CLANG_WARN_ENUM_CONVERSION = YES;
				CLANG_WARN_INFINITE_RECURSION = YES;
				CLANG_WARN_INT_CONVERSION = YES;
				CLANG_WARN_NON_LITERAL_NULL_CONVERSION = YES;
				CLANG_WARN_OBJC_IMPLICIT_RETAIN_SELF = YES;
				CLANG_WARN_OBJC_LITERAL_CONVERSION = YES;
				CLANG_WARN_OBJC_ROOT_CLASS = YES_ERROR;
				CLANG_WARN_QUOTED_INCLUDE_IN_FRAMEWORK_HEADER = YES;
				CLANG_WARN_RANGE_LOOP_ANALYSIS = YES;
				CLANG_WARN_STRICT_PROTOTYPES = YES;
				CLANG_WARN_SUSPICIOUS_MOVE = YES;
				CLANG_WARN_UNGUARDED_AVAILABILITY = YES_AGGRESSIVE;
				CLANG_WARN_UNREACHABLE_CODE = YES;
				CLANG_WARN__DUPLICATE_METHOD_MATCH = YES;
				COPY_PHASE_STRIP = NO;
				DEBUG_INFORMATION_FORMAT = dwarf;
				ENABLE_STRICT_OBJC_MSGSEND = YES;
				ENABLE_TESTABILITY = YES;
				GCC_C_LANGUAGE_STANDARD = gnu11;
				GCC_DYNAMIC_NO_PIC = NO;
				GCC_NO_COMMON_BLOCKS = YES;
				GCC_OPTIMIZATION_LEVEL = 0;
				GCC_PREPROCESSOR_DEFINITIONS = (
					"DEBUG=1",
					"$(inherited)",
				);
				GCC_WARN_64_TO_32_BIT_CONVERSION = YES;
				GCC_WARN_ABOUT_RETURN_TYPE = YES_ERROR;
				GCC_WARN_UNDECLARED_SELECTOR = YES;
				GCC_WARN_UNINITIALIZED_AUTOS = YES_AGGRESSIVE;
				GCC_WARN_UNUSED_FUNCTION = YES;
				GCC_WARN_UNUSED_VARIABLE = YES;
				IPHONEOS_DEPLOYMENT_TARGET = 16.0;
				MTL_ENABLE_DEBUG_INFO = INCLUDE_SOURCE;
				MTL_FAST_MATH = YES;
				ONLY_ACTIVE_ARCH = YES;
				SDKROOT = iphoneos;
				SWIFT_ACTIVE_COMPILATION_CONDITIONS = DEBUG;
				SWIFT_OPTIMIZATION_LEVEL = "-Onone";
			};
			name = Debug;
		};
		AFA9F66A2967544A009594BC /* Release */ = {
			isa = XCBuildConfiguration;
			buildSettings = {
				ALWAYS_SEARCH_USER_PATHS = NO;
				CLANG_ANALYZER_NONNULL = YES;
				CLANG_ANALYZER_NUMBER_OBJECT_CONVERSION = YES_AGGRESSIVE;
				CLANG_CXX_LANGUAGE_STANDARD = "gnu++20";
				CLANG_ENABLE_MODULES = YES;
				CLANG_ENABLE_OBJC_ARC = YES;
				CLANG_ENABLE_OBJC_WEAK = YES;
				CLANG_WARN_BLOCK_CAPTURE_AUTORELEASING = YES;
				CLANG_WARN_BOOL_CONVERSION = YES;
				CLANG_WARN_COMMA = YES;
				CLANG_WARN_CONSTANT_CONVERSION = YES;
				CLANG_WARN_DEPRECATED_OBJC_IMPLEMENTATIONS = YES;
				CLANG_WARN_DIRECT_OBJC_ISA_USAGE = YES_ERROR;
				CLANG_WARN_DOCUMENTATION_COMMENTS = YES;
				CLANG_WARN_EMPTY_BODY = YES;
				CLANG_WARN_ENUM_CONVERSION = YES;
				CLANG_WARN_INFINITE_RECURSION = YES;
				CLANG_WARN_INT_CONVERSION = YES;
				CLANG_WARN_NON_LITERAL_NULL_CONVERSION = YES;
				CLANG_WARN_OBJC_IMPLICIT_RETAIN_SELF = YES;
				CLANG_WARN_OBJC_LITERAL_CONVERSION = YES;
				CLANG_WARN_OBJC_ROOT_CLASS = YES_ERROR;
				CLANG_WARN_QUOTED_INCLUDE_IN_FRAMEWORK_HEADER = YES;
				CLANG_WARN_RANGE_LOOP_ANALYSIS = YES;
				CLANG_WARN_STRICT_PROTOTYPES = YES;
				CLANG_WARN_SUSPICIOUS_MOVE = YES;
				CLANG_WARN_UNGUARDED_AVAILABILITY = YES_AGGRESSIVE;
				CLANG_WARN_UNREACHABLE_CODE = YES;
				CLANG_WARN__DUPLICATE_METHOD_MATCH = YES;
				COPY_PHASE_STRIP = NO;
				DEBUG_INFORMATION_FORMAT = "dwarf-with-dsym";
				ENABLE_NS_ASSERTIONS = NO;
				ENABLE_STRICT_OBJC_MSGSEND = YES;
				GCC_C_LANGUAGE_STANDARD = gnu11;
				GCC_NO_COMMON_BLOCKS = YES;
				GCC_WARN_64_TO_32_BIT_CONVERSION = YES;
				GCC_WARN_ABOUT_RETURN_TYPE = YES_ERROR;
				GCC_WARN_UNDECLARED_SELECTOR = YES;
				GCC_WARN_UNINITIALIZED_AUTOS = YES_AGGRESSIVE;
				GCC_WARN_UNUSED_FUNCTION = YES;
				GCC_WARN_UNUSED_VARIABLE = YES;
				IPHONEOS_DEPLOYMENT_TARGET = 16.0;
				MTL_ENABLE_DEBUG_INFO = NO;
				MTL_FAST_MATH = YES;
				SDKROOT = iphoneos;
				SWIFT_COMPILATION_MODE = wholemodule;
				SWIFT_OPTIMIZATION_LEVEL = "-O";
				VALIDATE_PRODUCT = YES;
			};
			name = Release;
		};
		AFA9F66C2967544A009594BC /* Debug */ = {
			isa = XCBuildConfiguration;
			buildSettings = {
				ASSETCATALOG_COMPILER_APPICON_NAME = AppIcon;
				ASSETCATALOG_COMPILER_GLOBAL_ACCENT_COLOR_NAME = AccentColor;
				CODE_SIGN_STYLE = Automatic;
				CURRENT_PROJECT_VERSION = 1;
				DEVELOPMENT_TEAM = H4G2J5WXVR;
				GENERATE_INFOPLIST_FILE = YES;
				INFOPLIST_FILE = RickAndMorty/Info.plist;
				INFOPLIST_KEY_UIApplicationSupportsIndirectInputEvents = YES;
				INFOPLIST_KEY_UILaunchStoryboardName = LaunchScreen;
				INFOPLIST_KEY_UISupportedInterfaceOrientations_iPad = "UIInterfaceOrientationPortrait UIInterfaceOrientationPortraitUpsideDown UIInterfaceOrientationLandscapeLeft UIInterfaceOrientationLandscapeRight";
				INFOPLIST_KEY_UISupportedInterfaceOrientations_iPhone = "UIInterfaceOrientationPortrait UIInterfaceOrientationLandscapeLeft UIInterfaceOrientationLandscapeRight";
				LD_RUNPATH_SEARCH_PATHS = (
					"$(inherited)",
					"@executable_path/Frameworks",
				);
				MARKETING_VERSION = 1.0;
				PRODUCT_BUNDLE_IDENTIFIER = com.btarcann.RickAndMorty;
				PRODUCT_NAME = "$(TARGET_NAME)";
				SWIFT_EMIT_LOC_STRINGS = YES;
				SWIFT_VERSION = 5.0;
				TARGETED_DEVICE_FAMILY = "1,2";
			};
			name = Debug;
		};
		AFA9F66D2967544A009594BC /* Release */ = {
			isa = XCBuildConfiguration;
			buildSettings = {
				ASSETCATALOG_COMPILER_APPICON_NAME = AppIcon;
				ASSETCATALOG_COMPILER_GLOBAL_ACCENT_COLOR_NAME = AccentColor;
				CODE_SIGN_STYLE = Automatic;
				CURRENT_PROJECT_VERSION = 1;
				DEVELOPMENT_TEAM = H4G2J5WXVR;
				GENERATE_INFOPLIST_FILE = YES;
				INFOPLIST_FILE = RickAndMorty/Info.plist;
				INFOPLIST_KEY_UIApplicationSupportsIndirectInputEvents = YES;
				INFOPLIST_KEY_UILaunchStoryboardName = LaunchScreen;
				INFOPLIST_KEY_UISupportedInterfaceOrientations_iPad = "UIInterfaceOrientationPortrait UIInterfaceOrientationPortraitUpsideDown UIInterfaceOrientationLandscapeLeft UIInterfaceOrientationLandscapeRight";
				INFOPLIST_KEY_UISupportedInterfaceOrientations_iPhone = "UIInterfaceOrientationPortrait UIInterfaceOrientationLandscapeLeft UIInterfaceOrientationLandscapeRight";
				LD_RUNPATH_SEARCH_PATHS = (
					"$(inherited)",
					"@executable_path/Frameworks",
				);
				MARKETING_VERSION = 1.0;
				PRODUCT_BUNDLE_IDENTIFIER = com.btarcann.RickAndMorty;
				PRODUCT_NAME = "$(TARGET_NAME)";
				SWIFT_EMIT_LOC_STRINGS = YES;
				SWIFT_VERSION = 5.0;
				TARGETED_DEVICE_FAMILY = "1,2";
			};
			name = Release;
		};
/* End XCBuildConfiguration section */

/* Begin XCConfigurationList section */
		AFA9F65229675449009594BC /* Build configuration list for PBXProject "RickAndMorty" */ = {
			isa = XCConfigurationList;
			buildConfigurations = (
				AFA9F6692967544A009594BC /* Debug */,
				AFA9F66A2967544A009594BC /* Release */,
			);
			defaultConfigurationIsVisible = 0;
			defaultConfigurationName = Release;
		};
		AFA9F66B2967544A009594BC /* Build configuration list for PBXNativeTarget "RickAndMorty" */ = {
			isa = XCConfigurationList;
			buildConfigurations = (
				AFA9F66C2967544A009594BC /* Debug */,
				AFA9F66D2967544A009594BC /* Release */,
			);
			defaultConfigurationIsVisible = 0;
			defaultConfigurationName = Release;
		};
/* End XCConfigurationList section */
	};
	rootObject = AFA9F64F29675449009594BC /* Project object */;
}
